Microsoft Visual Studio Solution File, Format Version 12.00
# Visual Studio Version 17
VisualStudioVersion = 17.5.2.0
MinimumVisualStudioVersion = 10.0.40219.1
Project("{FAE04EC0-301F-11D3-BF4B-00C04F79EFBC}") = "AdventureWorksGraphQLDemo", "AdventureWorksGraphQLDemo\AdventureWorksGraphQLDemo.csproj", "{6E65F293-534B-A4EA-CCA8-34AD9AA1E96B}"
EndProject
Global
	GlobalSection(SolutionConfigurationPlatforms) = preSolution
		Debug|Any CPU = Debug|Any CPU
		Release|Any CPU = Release|Any CPU
	EndGlobalSection
	GlobalSection(ProjectConfigurationPlatforms) = postSolution
		{6E65F293-534B-A4EA-CCA8-34AD9AA1E96B}.Debug|Any CPU.ActiveCfg = Debug|Any CPU
		{6E65F293-534B-A4EA-CCA8-34AD9AA1E96B}.Debug|Any CPU.Build.0 = Debug|Any CPU
		{6E65F293-534B-A4EA-CCA8-34AD9AA1E96B}.Release|Any CPU.ActiveCfg = Release|Any CPU
		{6E65F293-534B-A4EA-CCA8-34AD9AA1E96B}.Release|Any CPU.Build.0 = Release|Any CPU
	EndGlobalSection
	GlobalSection(SolutionProperties) = preSolution
		HideSolutionNode = FALSE
	EndGlobalSection
	GlobalSection(ExtensibilityGlobals) = postSolution
		SolutionGuid = {F80BFCDC-0173-444D-B9A1-625355BC2E7D}
	EndGlobalSection
EndGlobal
